
Microsoft Visual Studio Solution File, Format Version 12.00
# Visual Studio Version 17
VisualStudioVersion = 17.14.36121.58 d17.14
MinimumVisualStudioVersion = 10.0.40219.1
Project("{FAE04EC0-301F-11D3-BF4B-00C04F79EFBC}") = "CSharpTest", "CSharpTest\CSharpTest.csproj", "{40A51880-E858-4041-8242-D4677130E01F}"
EndProject
Global
	GlobalSection(SolutionConfigurationPlatforms) = preSolution
		Debug|Any CPU = Debug|Any CPU
		Release|Any CPU = Release|Any CPU
	EndGlobalSection
	GlobalSection(ProjectConfigurationPlatforms) = postSolution
		{40A51880-E858-4041-8242-D4677130E01F}.Debug|Any CPU.ActiveCfg = Debug|Any CPU
		{40A51880-E858-4041-8242-D4677130E01F}.Debug|Any CPU.Build.0 = Debug|Any CPU
		{40A51880-E858-4041-8242-D4677130E01F}.Release|Any CPU.ActiveCfg = Release|Any CPU
		{40A51880-E858-4041-8242-D4677130E01F}.Release|Any CPU.Build.0 = Release|Any CPU
	EndGlobalSection
	GlobalSection(SolutionProperties) = preSolution
		HideSolutionNode = FALSE
	EndGlobalSection
	GlobalSection(ExtensibilityGlobals) = postSolution
		SolutionGuid = {ECD1E67F-365C-454C-A1BC-788BAFA91594}
	EndGlobalSection
EndGlobal
